
Microsoft Visual Studio Solution File, Format Version 12.00
# Visual Studio 15
VisualStudioVersion = 15.0.27703.2000
MinimumVisualStudioVersion = 10.0.40219.1
Project("{FAE04EC0-301F-11D3-BF4B-00C04F79EFBC}") = "EntityExtracterTool.Sitefinity.11", "EntityExtracterTool.Sitefinity.11\EntityExtracterTool.Sitefinity.11.csproj", "{A3B901D3-448C-4547-A8CE-9318EB985C5C}"
EndProject
Project("{FAE04EC0-301F-11D3-BF4B-00C04F79EFBC}") = "EntityExtracterTool.Sitefinity.10", "EntityExtracterTool.Sitefinity.10\EntityExtracterTool.Sitefinity.10.csproj", "{9339717F-3AD9-4603-BBDA-DBD2FA3EBA24}"
EndProject
Global
	GlobalSection(SolutionConfigurationPlatforms) = preSolution
		Debug|Any CPU = Debug|Any CPU
		Release|Any CPU = Release|Any CPU
	EndGlobalSection
	GlobalSection(ProjectConfigurationPlatforms) = postSolution
		{A3B901D3-448C-4547-A8CE-9318EB985C5C}.Debug|Any CPU.ActiveCfg = Debug|Any CPU
		{A3B901D3-448C-4547-A8CE-9318EB985C5C}.Debug|Any CPU.Build.0 = Debug|Any CPU
		{A3B901D3-448C-4547-A8CE-9318EB985C5C}.Release|Any CPU.ActiveCfg = Release|Any CPU
		{A3B901D3-448C-4547-A8CE-9318EB985C5C}.Release|Any CPU.Build.0 = Release|Any CPU
		{9339717F-3AD9-4603-BBDA-DBD2FA3EBA24}.Debug|Any CPU.ActiveCfg = Debug|Any CPU
		{9339717F-3AD9-4603-BBDA-DBD2FA3EBA24}.Debug|Any CPU.Build.0 = Debug|Any CPU
		{9339717F-3AD9-4603-BBDA-DBD2FA3EBA24}.Release|Any CPU.ActiveCfg = Release|Any CPU
		{9339717F-3AD9-4603-BBDA-DBD2FA3EBA24}.Release|Any CPU.Build.0 = Release|Any CPU
	EndGlobalSection
	GlobalSection(SolutionProperties) = preSolution
		HideSolutionNode = FALSE
	EndGlobalSection
	GlobalSection(ExtensibilityGlobals) = postSolution
		SolutionGuid = {591CA81F-7925-425E-AB87-915A54D22C86}
	EndGlobalSection
EndGlobal
